
Microsoft Visual Studio Solution File, Format Version 12.00
# Visual Studio Version 16
VisualStudioVersion = 16.0.31205.134
MinimumVisualStudioVersion = 10.0.40219.1
Project("{FAE04EC0-301F-11D3-BF4B-00C04F79EFBC}") = "TabelaHashi", "TabelaHashi\TabelaHashi.csproj", "{0471E905-DD83-495B-A113-DB0275D6871D}"
EndProject
Global
	GlobalSection(SolutionConfigurationPlatforms) = preSolution
		Debug|Any CPU = Debug|Any CPU
		Release|Any CPU = Release|Any CPU
	EndGlobalSection
	GlobalSection(ProjectConfigurationPlatforms) = postSolution
		{0471E905-DD83-495B-A113-DB0275D6871D}.Debug|Any CPU.ActiveCfg = Debug|Any CPU
		{0471E905-DD83-495B-A113-DB0275D6871D}.Debug|Any CPU.Build.0 = Debug|Any CPU
		{0471E905-DD83-495B-A113-DB0275D6871D}.Release|Any CPU.ActiveCfg = Release|Any CPU
		{0471E905-DD83-495B-A113-DB0275D6871D}.Release|Any CPU.Build.0 = Release|Any CPU
	EndGlobalSection
	GlobalSection(SolutionProperties) = preSolution
		HideSolutionNode = FALSE
	EndGlobalSection
	GlobalSection(ExtensibilityGlobals) = postSolution
		SolutionGuid = {2F1E9451-FB20-4BF2-A905-8155F2D60ED2}
	EndGlobalSection
EndGlobal
